
Microsoft Visual Studio Solution File, Format Version 12.00
# Visual Studio Version 18
VisualStudioVersion = 18.2.11415.280 d18.0
MinimumVisualStudioVersion = 10.0.40219.1
Project("{FAE04EC0-301F-11D3-BF4B-00C04F79EFBC}") = "AutomateNML", "AutomateNML.csproj", "{19A809FB-AA88-027D-1DFB-8888F21DA873}"
EndProject
Global
	GlobalSection(SolutionConfigurationPlatforms) = preSolution
		Debug|Any CPU = Debug|Any CPU
		Release|Any CPU = Release|Any CPU
	EndGlobalSection
	GlobalSection(ProjectConfigurationPlatforms) = postSolution
		{19A809FB-AA88-027D-1DFB-8888F21DA873}.Debug|Any CPU.ActiveCfg = Debug|Any CPU
		{19A809FB-AA88-027D-1DFB-8888F21DA873}.Debug|Any CPU.Build.0 = Debug|Any CPU
		{19A809FB-AA88-027D-1DFB-8888F21DA873}.Release|Any CPU.ActiveCfg = Release|Any CPU
		{19A809FB-AA88-027D-1DFB-8888F21DA873}.Release|Any CPU.Build.0 = Release|Any CPU
	EndGlobalSection
	GlobalSection(SolutionProperties) = preSolution
		HideSolutionNode = FALSE
	EndGlobalSection
	GlobalSection(ExtensibilityGlobals) = postSolution
		SolutionGuid = {9DD8BB89-F35F-404C-95C3-1E1153D97B19}
	EndGlobalSection
EndGlobal
