
Microsoft Visual Studio Solution File, Format Version 12.00
# Visual Studio Version 18
VisualStudioVersion = 18.1.11312.151 d18.0
MinimumVisualStudioVersion = 10.0.40219.1
Project("{FAE04EC0-301F-11D3-BF4B-00C04F79EFBC}") = "GoToBed", "GoToBed.csproj", "{11C0BB0F-C3A8-6E39-168C-555AF68E7A29}"
EndProject
Global
	GlobalSection(SolutionConfigurationPlatforms) = preSolution
		Debug|x64 = Debug|x64
		Release|x64 = Release|x64
	EndGlobalSection
	GlobalSection(ProjectConfigurationPlatforms) = postSolution
		{11C0BB0F-C3A8-6E39-168C-555AF68E7A29}.Debug|x64.ActiveCfg = Debug|x64
		{11C0BB0F-C3A8-6E39-168C-555AF68E7A29}.Debug|x64.Build.0 = Debug|x64
		{11C0BB0F-C3A8-6E39-168C-555AF68E7A29}.Release|x64.ActiveCfg = Release|x64
		{11C0BB0F-C3A8-6E39-168C-555AF68E7A29}.Release|x64.Build.0 = Release|x64
	EndGlobalSection
	GlobalSection(SolutionProperties) = preSolution
		HideSolutionNode = FALSE
	EndGlobalSection
	GlobalSection(ExtensibilityGlobals) = postSolution
		SolutionGuid = {6E6AE4D8-76CF-4DD1-A740-D63B382DB069}
	EndGlobalSection
EndGlobal
