
Microsoft Visual Studio Solution File, Format Version 12.00
# Visual Studio Version 18
VisualStudioVersion = 18.1.11312.151 d18.0
MinimumVisualStudioVersion = 10.0.40219.1
Project("{FAE04EC0-301F-11D3-BF4B-00C04F79EFBC}") = "PerfectCatchStreak", "PerfectCatchStreak.csproj", "{2FD4F7DD-2789-952A-0F75-F93BD66A0159}"
EndProject
Global
	GlobalSection(SolutionConfigurationPlatforms) = preSolution
		Debug|Any CPU = Debug|Any CPU
		Release|Any CPU = Release|Any CPU
	EndGlobalSection
	GlobalSection(ProjectConfigurationPlatforms) = postSolution
		{2FD4F7DD-2789-952A-0F75-F93BD66A0159}.Debug|Any CPU.ActiveCfg = Debug|Any CPU
		{2FD4F7DD-2789-952A-0F75-F93BD66A0159}.Debug|Any CPU.Build.0 = Debug|Any CPU
		{2FD4F7DD-2789-952A-0F75-F93BD66A0159}.Release|Any CPU.ActiveCfg = Release|Any CPU
		{2FD4F7DD-2789-952A-0F75-F93BD66A0159}.Release|Any CPU.Build.0 = Release|Any CPU
	EndGlobalSection
	GlobalSection(SolutionProperties) = preSolution
		HideSolutionNode = FALSE
	EndGlobalSection
	GlobalSection(ExtensibilityGlobals) = postSolution
		SolutionGuid = {03C03532-DCFD-4C86-9FD3-902018CE0238}
	EndGlobalSection
EndGlobal
