
Microsoft Visual Studio Solution File, Format Version 12.00
# Visual Studio Version 18
VisualStudioVersion = 18.2.11408.102 d18.0
MinimumVisualStudioVersion = 10.0.40219.1
Project("{FAE04EC0-301F-11D3-BF4B-00C04F79EFBC}") = "StaticFishingBar", "StaticFishingBar.csproj", "{D267C886-CDE8-2481-2D77-F283657FE6F8}"
EndProject
Global
	GlobalSection(SolutionConfigurationPlatforms) = preSolution
		Debug|Any CPU = Debug|Any CPU
		Release|Any CPU = Release|Any CPU
	EndGlobalSection
	GlobalSection(ProjectConfigurationPlatforms) = postSolution
		{D267C886-CDE8-2481-2D77-F283657FE6F8}.Debug|Any CPU.ActiveCfg = Debug|Any CPU
		{D267C886-CDE8-2481-2D77-F283657FE6F8}.Debug|Any CPU.Build.0 = Debug|Any CPU
		{D267C886-CDE8-2481-2D77-F283657FE6F8}.Release|Any CPU.ActiveCfg = Release|Any CPU
		{D267C886-CDE8-2481-2D77-F283657FE6F8}.Release|Any CPU.Build.0 = Release|Any CPU
	EndGlobalSection
	GlobalSection(SolutionProperties) = preSolution
		HideSolutionNode = FALSE
	EndGlobalSection
	GlobalSection(ExtensibilityGlobals) = postSolution
		SolutionGuid = {4F83CD80-6105-4D1C-9EAF-19B76EEAEA26}
	EndGlobalSection
EndGlobal
