
Microsoft Visual Studio Solution File, Format Version 12.00
# Visual Studio Version 18
VisualStudioVersion = 18.2.11408.102 d18.0
MinimumVisualStudioVersion = 10.0.40219.1
Project("{FAE04EC0-301F-11D3-BF4B-00C04F79EFBC}") = "TextureCachePurge", "TextureCachePurge.csproj", "{EB14BD68-B986-599D-8A13-C56EF35E54BD}"
EndProject
Global
	GlobalSection(SolutionConfigurationPlatforms) = preSolution
		Debug|Any CPU = Debug|Any CPU
		Release|Any CPU = Release|Any CPU
	EndGlobalSection
	GlobalSection(ProjectConfigurationPlatforms) = postSolution
		{EB14BD68-B986-599D-8A13-C56EF35E54BD}.Debug|Any CPU.ActiveCfg = Debug|Any CPU
		{EB14BD68-B986-599D-8A13-C56EF35E54BD}.Debug|Any CPU.Build.0 = Debug|Any CPU
		{EB14BD68-B986-599D-8A13-C56EF35E54BD}.Release|Any CPU.ActiveCfg = Release|Any CPU
		{EB14BD68-B986-599D-8A13-C56EF35E54BD}.Release|Any CPU.Build.0 = Release|Any CPU
	EndGlobalSection
	GlobalSection(SolutionProperties) = preSolution
		HideSolutionNode = FALSE
	EndGlobalSection
	GlobalSection(ExtensibilityGlobals) = postSolution
		SolutionGuid = {74CECDF0-9116-4F28-9A9A-95326412C084}
	EndGlobalSection
EndGlobal
