
Microsoft Visual Studio Solution File, Format Version 12.00
# Visual Studio Version 18
VisualStudioVersion = 18.0.11222.15 d18.0
MinimumVisualStudioVersion = 10.0.40219.1
Project("{FAE04EC0-301F-11D3-BF4B-00C04F79EFBC}") = "AutoFishingAssistant", "AutoFishingAssistant.csproj", "{91F66C64-BAAE-8E5A-87A1-E1AD73DD8B7A}"
EndProject
Global
	GlobalSection(SolutionConfigurationPlatforms) = preSolution
		Debug|Any CPU = Debug|Any CPU
		Release|Any CPU = Release|Any CPU
	EndGlobalSection
	GlobalSection(ProjectConfigurationPlatforms) = postSolution
		{91F66C64-BAAE-8E5A-87A1-E1AD73DD8B7A}.Debug|Any CPU.ActiveCfg = Debug|Any CPU
		{91F66C64-BAAE-8E5A-87A1-E1AD73DD8B7A}.Debug|Any CPU.Build.0 = Debug|Any CPU
		{91F66C64-BAAE-8E5A-87A1-E1AD73DD8B7A}.Release|Any CPU.ActiveCfg = Release|Any CPU
		{91F66C64-BAAE-8E5A-87A1-E1AD73DD8B7A}.Release|Any CPU.Build.0 = Release|Any CPU
	EndGlobalSection
	GlobalSection(SolutionProperties) = preSolution
		HideSolutionNode = FALSE
	EndGlobalSection
	GlobalSection(ExtensibilityGlobals) = postSolution
		SolutionGuid = {AA124E2D-D782-4B94-B6AD-B6E5ABA7CF2C}
	EndGlobalSection
EndGlobal
