
Microsoft Visual Studio Solution File, Format Version 12.00
# Visual Studio Version 18
VisualStudioVersion = 18.2.11408.102 d18.0
MinimumVisualStudioVersion = 10.0.40219.1
Project("{FAE04EC0-301F-11D3-BF4B-00C04F79EFBC}") = "WildSwimmingDucks", "WildSwimmingDucks.csproj", "{E2D1D9E8-999C-F48D-321B-BA43BFE3C4CB}"
EndProject
Global
	GlobalSection(SolutionConfigurationPlatforms) = preSolution
		Debug|Any CPU = Debug|Any CPU
		Release|Any CPU = Release|Any CPU
	EndGlobalSection
	GlobalSection(ProjectConfigurationPlatforms) = postSolution
		{E2D1D9E8-999C-F48D-321B-BA43BFE3C4CB}.Debug|Any CPU.ActiveCfg = Debug|Any CPU
		{E2D1D9E8-999C-F48D-321B-BA43BFE3C4CB}.Debug|Any CPU.Build.0 = Debug|Any CPU
		{E2D1D9E8-999C-F48D-321B-BA43BFE3C4CB}.Release|Any CPU.ActiveCfg = Release|Any CPU
		{E2D1D9E8-999C-F48D-321B-BA43BFE3C4CB}.Release|Any CPU.Build.0 = Release|Any CPU
	EndGlobalSection
	GlobalSection(SolutionProperties) = preSolution
		HideSolutionNode = FALSE
	EndGlobalSection
	GlobalSection(ExtensibilityGlobals) = postSolution
		SolutionGuid = {B45EB216-2A8E-40A5-B0ED-0CA2909508E3}
	EndGlobalSection
EndGlobal
