
Microsoft Visual Studio Solution File, Format Version 12.00
# Visual Studio Version 18
VisualStudioVersion = 18.2.11415.280 d18.0
MinimumVisualStudioVersion = 10.0.40219.1
Project("{FAE04EC0-301F-11D3-BF4B-00C04F79EFBC}") = "BackgroundTickThrottler", "BackgroundTickThrottler.csproj", "{9A7707BC-9B17-27A9-DCF8-58C33DC6B810}"
EndProject
Global
	GlobalSection(SolutionConfigurationPlatforms) = preSolution
		Debug|Any CPU = Debug|Any CPU
		Release|Any CPU = Release|Any CPU
	EndGlobalSection
	GlobalSection(ProjectConfigurationPlatforms) = postSolution
		{9A7707BC-9B17-27A9-DCF8-58C33DC6B810}.Debug|Any CPU.ActiveCfg = Debug|Any CPU
		{9A7707BC-9B17-27A9-DCF8-58C33DC6B810}.Debug|Any CPU.Build.0 = Debug|Any CPU
		{9A7707BC-9B17-27A9-DCF8-58C33DC6B810}.Release|Any CPU.ActiveCfg = Release|Any CPU
		{9A7707BC-9B17-27A9-DCF8-58C33DC6B810}.Release|Any CPU.Build.0 = Release|Any CPU
	EndGlobalSection
	GlobalSection(SolutionProperties) = preSolution
		HideSolutionNode = FALSE
	EndGlobalSection
	GlobalSection(ExtensibilityGlobals) = postSolution
		SolutionGuid = {8C93B536-EDCC-4D64-BBBC-C57CE661CCF7}
	EndGlobalSection
EndGlobal
