
Microsoft Visual Studio Solution File, Format Version 12.00
# Visual Studio Version 18
VisualStudioVersion = 18.2.11415.280 d18.0
MinimumVisualStudioVersion = 10.0.40219.1
Project("{FAE04EC0-301F-11D3-BF4B-00C04F79EFBC}") = "Claude", "Claude.csproj", "{5B0E4067-E6E3-A757-195F-227B0BD37024}"
EndProject
Global
	GlobalSection(SolutionConfigurationPlatforms) = preSolution
		Debug|Any CPU = Debug|Any CPU
		Release|Any CPU = Release|Any CPU
	EndGlobalSection
	GlobalSection(ProjectConfigurationPlatforms) = postSolution
		{5B0E4067-E6E3-A757-195F-227B0BD37024}.Debug|Any CPU.ActiveCfg = Debug|Any CPU
		{5B0E4067-E6E3-A757-195F-227B0BD37024}.Debug|Any CPU.Build.0 = Debug|Any CPU
		{5B0E4067-E6E3-A757-195F-227B0BD37024}.Release|Any CPU.ActiveCfg = Release|Any CPU
		{5B0E4067-E6E3-A757-195F-227B0BD37024}.Release|Any CPU.Build.0 = Release|Any CPU
	EndGlobalSection
	GlobalSection(SolutionProperties) = preSolution
		HideSolutionNode = FALSE
	EndGlobalSection
	GlobalSection(ExtensibilityGlobals) = postSolution
		SolutionGuid = {03801885-BD21-476F-A26A-FE2543FF2020}
	EndGlobalSection
EndGlobal
