
Microsoft Visual Studio Solution File, Format Version 12.00
# Visual Studio Version 18
VisualStudioVersion = 18.1.11312.151 d18.0
MinimumVisualStudioVersion = 10.0.40219.1
Project("{FAE04EC0-301F-11D3-BF4B-00C04F79EFBC}") = "GMCMShortcut", "GMCMShortcut.csproj", "{135FAA5B-FFF8-C4EC-54D6-F860B081AE31}"
EndProject
Global
	GlobalSection(SolutionConfigurationPlatforms) = preSolution
		Debug|Any CPU = Debug|Any CPU
		Release|Any CPU = Release|Any CPU
	EndGlobalSection
	GlobalSection(ProjectConfigurationPlatforms) = postSolution
		{135FAA5B-FFF8-C4EC-54D6-F860B081AE31}.Debug|Any CPU.ActiveCfg = Debug|Any CPU
		{135FAA5B-FFF8-C4EC-54D6-F860B081AE31}.Debug|Any CPU.Build.0 = Debug|Any CPU
		{135FAA5B-FFF8-C4EC-54D6-F860B081AE31}.Release|Any CPU.ActiveCfg = Release|Any CPU
		{135FAA5B-FFF8-C4EC-54D6-F860B081AE31}.Release|Any CPU.Build.0 = Release|Any CPU
	EndGlobalSection
	GlobalSection(SolutionProperties) = preSolution
		HideSolutionNode = FALSE
	EndGlobalSection
	GlobalSection(ExtensibilityGlobals) = postSolution
		SolutionGuid = {6C92E4AE-F7F5-4676-A9EB-A40A9A32E2E5}
	EndGlobalSection
EndGlobal
