
Microsoft Visual Studio Solution File, Format Version 12.00
# Visual Studio Version 18
VisualStudioVersion = 18.1.11312.151 d18.0
MinimumVisualStudioVersion = 10.0.40219.1
Project("{FAE04EC0-301F-11D3-BF4B-00C04F79EFBC}") = "Reel Tension", "Reel Tension.csproj", "{2C463026-AC1C-CA52-3533-D82673A5B762}"
EndProject
Global
	GlobalSection(SolutionConfigurationPlatforms) = preSolution
		Debug|Any CPU = Debug|Any CPU
		Release|Any CPU = Release|Any CPU
	EndGlobalSection
	GlobalSection(ProjectConfigurationPlatforms) = postSolution
		{2C463026-AC1C-CA52-3533-D82673A5B762}.Debug|Any CPU.ActiveCfg = Debug|Any CPU
		{2C463026-AC1C-CA52-3533-D82673A5B762}.Debug|Any CPU.Build.0 = Debug|Any CPU
		{2C463026-AC1C-CA52-3533-D82673A5B762}.Release|Any CPU.ActiveCfg = Release|Any CPU
		{2C463026-AC1C-CA52-3533-D82673A5B762}.Release|Any CPU.Build.0 = Release|Any CPU
	EndGlobalSection
	GlobalSection(SolutionProperties) = preSolution
		HideSolutionNode = FALSE
	EndGlobalSection
	GlobalSection(ExtensibilityGlobals) = postSolution
		SolutionGuid = {D3C533FE-CAC2-48C1-B6F5-0F2719A2B7A9}
	EndGlobalSection
EndGlobal
