
Microsoft Visual Studio Solution File, Format Version 12.00
# Visual Studio Version 18
VisualStudioVersion = 18.2.11415.280 d18.0
MinimumVisualStudioVersion = 10.0.40219.1
Project("{FAE04EC0-301F-11D3-BF4B-00C04F79EFBC}") = "BuildAtRobin", "BuildAtRobin.csproj", "{D0281E19-7F08-C56C-2D85-1BFC22F3E010}"
EndProject
Global
	GlobalSection(SolutionConfigurationPlatforms) = preSolution
		Debug|Any CPU = Debug|Any CPU
		Release|Any CPU = Release|Any CPU
	EndGlobalSection
	GlobalSection(ProjectConfigurationPlatforms) = postSolution
		{D0281E19-7F08-C56C-2D85-1BFC22F3E010}.Debug|Any CPU.ActiveCfg = Debug|Any CPU
		{D0281E19-7F08-C56C-2D85-1BFC22F3E010}.Debug|Any CPU.Build.0 = Debug|Any CPU
		{D0281E19-7F08-C56C-2D85-1BFC22F3E010}.Release|Any CPU.ActiveCfg = Release|Any CPU
		{D0281E19-7F08-C56C-2D85-1BFC22F3E010}.Release|Any CPU.Build.0 = Release|Any CPU
	EndGlobalSection
	GlobalSection(SolutionProperties) = preSolution
		HideSolutionNode = FALSE
	EndGlobalSection
	GlobalSection(ExtensibilityGlobals) = postSolution
		SolutionGuid = {A619AD9B-C9D6-49F1-AB06-6FC0D492DAF9}
	EndGlobalSection
EndGlobal
