
Microsoft Visual Studio Solution File, Format Version 12.00
# Visual Studio Version 18
VisualStudioVersion = 18.1.11312.151 d18.0
MinimumVisualStudioVersion = 10.0.40219.1
Project("{FAE04EC0-301F-11D3-BF4B-00C04F79EFBC}") = "SafeReturnScepter", "SafeReturnScepter.csproj", "{5536BB31-C23E-E5C1-88E6-B5C3EDA0AE7E}"
EndProject
Global
	GlobalSection(SolutionConfigurationPlatforms) = preSolution
		Debug|Any CPU = Debug|Any CPU
		Release|Any CPU = Release|Any CPU
	EndGlobalSection
	GlobalSection(ProjectConfigurationPlatforms) = postSolution
		{5536BB31-C23E-E5C1-88E6-B5C3EDA0AE7E}.Debug|Any CPU.ActiveCfg = Debug|Any CPU
		{5536BB31-C23E-E5C1-88E6-B5C3EDA0AE7E}.Debug|Any CPU.Build.0 = Debug|Any CPU
		{5536BB31-C23E-E5C1-88E6-B5C3EDA0AE7E}.Release|Any CPU.ActiveCfg = Release|Any CPU
		{5536BB31-C23E-E5C1-88E6-B5C3EDA0AE7E}.Release|Any CPU.Build.0 = Release|Any CPU
	EndGlobalSection
	GlobalSection(SolutionProperties) = preSolution
		HideSolutionNode = FALSE
	EndGlobalSection
	GlobalSection(ExtensibilityGlobals) = postSolution
		SolutionGuid = {B3CACC60-2993-4FD9-B22C-DE900BAC2B54}
	EndGlobalSection
EndGlobal
